
Microsoft Visual Studio Solution File, Format Version 12.00
# Visual Studio Version 17
VisualStudioVersion = 17.6.33723.286
MinimumVisualStudioVersion = 10.0.40219.1
Project("{FAE04EC0-301F-11D3-BF4B-00C04F79EFBC}") = "practice0615", "practice0615.csproj", "{8C6FE708-87A2-4790-8E9F-8FE7AACC9178}"
EndProject
Global
	GlobalSection(SolutionConfigurationPlatforms) = preSolution
		Debug|Any CPU = Debug|Any CPU
		Release|Any CPU = Release|Any CPU
	EndGlobalSection
	GlobalSection(ProjectConfigurationPlatforms) = postSolution
		{8C6FE708-87A2-4790-8E9F-8FE7AACC9178}.Debug|Any CPU.ActiveCfg = Debug|Any CPU
		{8C6FE708-87A2-4790-8E9F-8FE7AACC9178}.Debug|Any CPU.Build.0 = Debug|Any CPU
		{8C6FE708-87A2-4790-8E9F-8FE7AACC9178}.Release|Any CPU.ActiveCfg = Release|Any CPU
		{8C6FE708-87A2-4790-8E9F-8FE7AACC9178}.Release|Any CPU.Build.0 = Release|Any CPU
	EndGlobalSection
	GlobalSection(SolutionProperties) = preSolution
		HideSolutionNode = FALSE
	EndGlobalSection
	GlobalSection(ExtensibilityGlobals) = postSolution
		SolutionGuid = {AFCD31FE-394F-460C-BB5C-3E29A7BCE088}
	EndGlobalSection
EndGlobal
